{
    "_readme": [
        "This file locks the dependencies of your project to a known state",
        "Read more about it at http://getcomposer.org/doc/01-basic-usage.md#composer-lock-the-lock-file",
        "This file is @generated automatically"
    ],
    "hash": "5724eb7ed6ef351f6606ec3c6dd85faa",
    "packages": [
        {
            "name": "roundcube/plugin-installer",
            "version": "dev-master",
            "source": {
                "type": "git",
                "url": "https://github.com/roundcube/plugin-installer.git",
                "reference": "0.1.6"
            },
            "dist": {
                "type": "zip",
                "url": "https://api.github.com/repos/roundcube/plugin-installer/zipball/0.1.6",
                "reference": "0.1.6",
                "shasum": ""
            },
            "require": {
                "php": ">=5.3.0"
            },
            "require-dev": {
                "composer/composer": "*"
            },
            "bin": [
                "src/bin/rcubeinitdb.sh"
            ],
            "type": "composer-installer",
            "extra": {
                "class": "Roundcube\\Composer\\PluginInstaller"
            },
            "autoload": {
                "psr-0": {
                    "Roundcube\\Composer": "src/"
                }
            },
            "notification-url": "http://plugins.roundcube.net/downloads/%package%",
            "license": [
                "GPL-3.0+"
            ],
            "authors": [
                {
                    "name": "Till Klampaeckel",
                    "email": "till@php.net"
                },
                {
                    "name": "Thomas Bruederli",
                    "email": "thomas@roundcube.net",
                    "role": "Lead"
                }
            ],
            "description": "A composer-installer for Roundcube plugins.",
            "time": "2014-09-15 19:56:29"
        }
    ],
    "packages-dev": [

    ],
    "aliases": [

    ],
    "minimum-stability": "dev",
    "stability-flags": [

    ],
    "prefer-stable": false,
    "platform": {
        "php": ">=5.3.0"
    },
    "platform-dev": [

    ]
}
